<?xml version="1.0" encoding="utf-8"?>
<Project ToolsVersion="4.0" xmlns="http://schemas.microsoft.com/developer/msbuild/2003">
  <ItemGroup>
    <Filter Include="Source Files">
      <UniqueIdentifier>{4FC737F1-C7A5-4376-A066-2A32D752A2FF}</UniqueIdentifier>
      <Extensions>cpp;c;cc;cxx;c++;cppm;ixx;def;odl;idl;hpj;bat;asm;asmx</Extensions>
    </Filter>
    <Filter Include="Header Files">
      <UniqueIdentifier>{93995380-89BD-4b04-88EB-625FBE52EBFB}</UniqueIdentifier>
      <Extensions>h;hh;hpp;hxx;h++;hm;inl;inc;ipp;xsd</Extensions>
    </Filter>
    <Filter Include="Resource Files">
      <UniqueIdentifier>{67DA6AB6-F800-4c08-8B7A-83BB121AAD01}</UniqueIdentifier>
      <Extensions>rc;ico;cur;bmp;dlg;rc2;rct;bin;rgs;gif;jpg;jpeg;jpe;resx;tiff;tif;png;wav;mfcribbon-ms</Extensions>
    </Filter>
    <Filter Include="Header Files\ExternalLibraries">
      <UniqueIdentifier>{dcaa4c9b-822c-4661-b190-7ac76ae06636}</UniqueIdentifier>
    </Filter>
    <Filter Include="Header Files\Configuration">
      <UniqueIdentifier>{f20a900c-66ee-49ba-ba95-bd8fbb0aa20f}</UniqueIdentifier>
    </Filter>
    <Filter Include="Header Files\Http">
      <UniqueIdentifier>{605bfd8c-4efa-4878-b3b3-324a06eb14a7}</UniqueIdentifier>
    </Filter>
    <Filter Include="Header Files\Enums">
      <UniqueIdentifier>{3e9d6167-468d-41e7-940e-cf831c2dd86a}</UniqueIdentifier>
    </Filter>
    <Filter Include="Header Files\Loggers">
      <UniqueIdentifier>{b5f5d2e7-be41-4e5b-9762-1751692cb460}</UniqueIdentifier>
    </Filter>
    <Filter Include="Header Files\dll">
      <UniqueIdentifier>{9a3be552-ac7e-469a-b538-c99c49f059b9}</UniqueIdentifier>
    </Filter>
    <Filter Include="Source Files\Configuration">
      <UniqueIdentifier>{2238bba1-016c-4777-a0c3-4b780d97f9a7}</UniqueIdentifier>
    </Filter>
    <Filter Include="Source Files\Http">
      <UniqueIdentifier>{4c0efc10-ca11-4075-9bc1-72f9543dc0fe}</UniqueIdentifier>
    </Filter>
    <Filter Include="Source Files\Loggers">
      <UniqueIdentifier>{bb54404b-ecc1-454d-bbee-222337100524}</UniqueIdentifier>
    </Filter>
    <Filter Include="Source Files\dll">
      <UniqueIdentifier>{db57bb73-d46b-49a5-b886-57b0e1d764b1}</UniqueIdentifier>
    </Filter>
  </ItemGroup>
  <ItemGroup>
    <ClInclude Include="..\ExternalLibraries\cpp-httplib-master\httplib.h">
      <Filter>Header Files\ExternalLibraries</Filter>
    </ClInclude>
    <ClInclude Include="LoggerConfiguration.h">
      <Filter>Header Files\Configuration</Filter>
    </ClInclude>
    <ClInclude Include="Configurable.h">
      <Filter>Header Files\Configuration</Filter>
    </ClInclude>
    <ClInclude Include="BaseLoggerConfiguration.h">
      <Filter>Header Files\Configuration</Filter>
    </ClInclude>
    <ClInclude Include="ConsoleLoggerConfiguration.h">
      <Filter>Header Files\Configuration</Filter>
    </ClInclude>
    <ClInclude Include="FileLoggerConfiguration.h">
      <Filter>Header Files\Configuration</Filter>
    </ClInclude>
    <ClInclude Include="HttpLoggerConfiguration.h">
      <Filter>Header Files\Configuration</Filter>
    </ClInclude>
    <ClInclude Include="Configuration.h">
      <Filter>Header Files\Configuration</Filter>
    </ClInclude>
    <ClInclude Include="HttpClient.h">
      <Filter>Header Files\Http</Filter>
    </ClInclude>
    <ClInclude Include="HttpServer.h">
      <Filter>Header Files\Http</Filter>
    </ClInclude>
    <ClInclude Include="LoggerType.h">
      <Filter>Header Files\Enums</Filter>
    </ClInclude>
    <ClInclude Include="LogLevel.h">
      <Filter>Header Files\Enums</Filter>
    </ClInclude>
    <ClInclude Include="BaseLogger.h">
      <Filter>Header Files\Loggers</Filter>
    </ClInclude>
    <ClInclude Include="HttpResponse.h">
      <Filter>Header Files\Http</Filter>
    </ClInclude>
    <ClInclude Include="LogMetadata.h">
      <Filter>Header Files\Loggers</Filter>
    </ClInclude>
    <ClInclude Include="ArchivioHeader.h">
      <Filter>Header Files\dll</Filter>
    </ClInclude>
    <ClInclude Include="framework.h">
      <Filter>Header Files\dll</Filter>
    </ClInclude>
    <ClInclude Include="pch.h">
      <Filter>Header Files\dll</Filter>
    </ClInclude>
    <ClInclude Include="ConsoleLogger.h">
      <Filter>Header Files\Loggers</Filter>
    </ClInclude>
    <ClInclude Include="FileLogger.h">
      <Filter>Header Files\Loggers</Filter>
    </ClInclude>
    <ClInclude Include="LoggerManager.h">
      <Filter>Header Files</Filter>
    </ClInclude>
    <ClInclude Include="Logger.h">
      <Filter>Header Files</Filter>
    </ClInclude>
    <ClInclude Include="ConfigurationFunctions.h">
      <Filter>Header Files</Filter>
    </ClInclude>
    <ClInclude Include="HttpLogger.h">
      <Filter>Header Files\Loggers</Filter>
    </ClInclude>
    <ClInclude Include="HttpConfiguration.h">
      <Filter>Header Files</Filter>
    </ClInclude>
    <ClInclude Include="utils.h">
      <Filter>Header Files</Filter>
    </ClInclude>
  </ItemGroup>
  <ItemGroup>
    <ClCompile Include="BaseLoggerConfiguration.cpp">
      <Filter>Source Files\Configuration</Filter>
    </ClCompile>
    <ClCompile Include="Configuration.cpp">
      <Filter>Source Files\Configuration</Filter>
    </ClCompile>
    <ClCompile Include="Configurable.cpp">
      <Filter>Source Files\Configuration</Filter>
    </ClCompile>
    <ClCompile Include="HttpClient.cpp">
      <Filter>Source Files\Http</Filter>
    </ClCompile>
    <ClCompile Include="HttpServer.cpp">
      <Filter>Source Files\Http</Filter>
    </ClCompile>
    <ClCompile Include="HttpResponse.cpp">
      <Filter>Source Files\Http</Filter>
    </ClCompile>
    <ClCompile Include="BaseLogger.cpp">
      <Filter>Source Files\Loggers</Filter>
    </ClCompile>
    <ClCompile Include="LogMetadata.cpp">
      <Filter>Source Files\Loggers</Filter>
    </ClCompile>
    <ClCompile Include="ArchivioLibrary.cpp">
      <Filter>Source Files\dll</Filter>
    </ClCompile>
    <ClCompile Include="dllmain.cpp">
      <Filter>Source Files\dll</Filter>
    </ClCompile>
    <ClCompile Include="pch.cpp">
      <Filter>Source Files\dll</Filter>
    </ClCompile>
    <ClCompile Include="ConsoleLogger.cpp">
      <Filter>Source Files\Loggers</Filter>
    </ClCompile>
    <ClCompile Include="FileLogger.cpp">
      <Filter>Source Files\Loggers</Filter>
    </ClCompile>
    <ClCompile Include="HttpLogger.cpp">
      <Filter>Source Files\Loggers</Filter>
    </ClCompile>
    <ClCompile Include="LoggerManager.cpp">
      <Filter>Source Files</Filter>
    </ClCompile>
    <ClCompile Include="Logger.cpp">
      <Filter>Source Files</Filter>
    </ClCompile>
    <ClCompile Include="utils.cpp">
      <Filter>Source Files</Filter>
    </ClCompile>
    <ClCompile Include="FileLoggerConfiguration.cpp">
      <Filter>Source Files\Configuration</Filter>
    </ClCompile>
    <ClCompile Include="HttpLoggerConfiguration.cpp">
      <Filter>Source Files\Configuration</Filter>
    </ClCompile>
    <ClCompile Include="ConsoleLoggerConfiguration.cpp">
      <Filter>Source Files\Configuration</Filter>
    </ClCompile>
    <ClCompile Include="ConfigurationFunctions.cpp">
      <Filter>Source Files\Configuration</Filter>
    </ClCompile>
    <ClCompile Include="LoggerConfiguration.cpp">
      <Filter>Source Files\Configuration</Filter>
    </ClCompile>
  </ItemGroup>
  <ItemGroup>
    <None Include="packages.config" />
    <None Include="ClassDiagram.cd" />
  </ItemGroup>
</Project>